// !$*UTF8*$!
{
	archiveVersion = 1;
	classes = {
	};
	objectVersion = 50;
	objects = {

/* Begin PBXBuildFile section */
		673577DE22F2748000566180 /* AppDelegate.swift in Sources */ = {isa = PBXBuildFile; fileRef = 673577DD22F2748000566180 /* AppDelegate.swift */; };
		673577E322F2748000566180 /* Main.storyboard in Resources */ = {isa = PBXBuildFile; fileRef = 673577E122F2748000566180 /* Main.storyboard */; };
		673577E522F2748900566180 /* Assets.xcassets in Resources */ = {isa = PBXBuildFile; fileRef = 673577E422F2748900566180 /* Assets.xcassets */; };
		673577E822F2748900566180 /* LaunchScreen.storyboard in Resources */ = {isa = PBXBuildFile; fileRef = 673577E622F2748900566180 /* LaunchScreen.storyboard */; };
		673577F022F276A400566180 /* MemoListViewController.swift in Sources */ = {isa = PBXBuildFile; fileRef = 673577EF22F276A400566180 /* MemoListViewController.swift */; };
		673577F222F27E3800566180 /* MemoFormViewController.swift in Sources */ = {isa = PBXBuildFile; fileRef = 673577F122F27E3800566180 /* MemoFormViewController.swift */; };
		673577F422F2856B00566180 /* MemoReadViewController.swift in Sources */ = {isa = PBXBuildFile; fileRef = 673577F322F2856B00566180 /* MemoReadViewController.swift */; };
		673577F822F2892A00566180 /* MemoVO.swift in Sources */ = {isa = PBXBuildFile; fileRef = 673577F722F2892A00566180 /* MemoVO.swift */; };
		673577FA22F2B19D00566180 /* MemoTableViewCell.swift in Sources */ = {isa = PBXBuildFile; fileRef = 673577F922F2B19D00566180 /* MemoTableViewCell.swift */; };
		673577FE22F2C5B200566180 /* sokcho.jpeg in Resources */ = {isa = PBXBuildFile; fileRef = 673577FD22F2C5B200566180 /* sokcho.jpeg */; };
		67A40F3622F3C69E0038F8AC /* SWRevealViewController.m in Sources */ = {isa = PBXBuildFile; fileRef = 67A40F3522F3C69E0038F8AC /* SWRevealViewController.m */; };
		67A40F3822F3C8AB0038F8AC /* SideBarTableViewController.swift in Sources */ = {isa = PBXBuildFile; fileRef = 67A40F3722F3C8AB0038F8AC /* SideBarTableViewController.swift */; };
/* End PBXBuildFile section */

/* Begin PBXFileReference section */
		673577DA22F2748000566180 /* MemoApp.app */ = {isa = PBXFileReference; explicitFileType = wrapper.application; includeInIndex = 0; path = MemoApp.app; sourceTree = BUILT_PRODUCTS_DIR; };
		673577DD22F2748000566180 /* AppDelegate.swift */ = {isa = PBXFileReference; lastKnownFileType = sourcecode.swift; path = AppDelegate.swift; sourceTree = "<group>"; };
		673577E222F2748000566180 /* Base */ = {isa = PBXFileReference; lastKnownFileType = file.storyboard; name = Base; path = Base.lproj/Main.storyboard; sourceTree = "<group>"; };
		673577E422F2748900566180 /* Assets.xcassets */ = {isa = PBXFileReference; lastKnownFileType = folder.assetcatalog; path = Assets.xcassets; sourceTree = "<group>"; };
		673577E722F2748900566180 /* Base */ = {isa = PBXFileReference; lastKnownFileType = file.storyboard; name = Base; path = Base.lproj/LaunchScreen.storyboard; sourceTree = "<group>"; };
		673577E922F2748900566180 /* Info.plist */ = {isa = PBXFileReference; lastKnownFileType = text.plist.xml; path = Info.plist; sourceTree = "<group>"; };
		673577EF22F276A400566180 /* MemoListViewController.swift */ = {isa = PBXFileReference; lastKnownFileType = sourcecode.swift; path = MemoListViewController.swift; sourceTree = "<group>"; };
		673577F122F27E3800566180 /* MemoFormViewController.swift */ = {isa = PBXFileReference; lastKnownFileType = sourcecode.swift; path = MemoFormViewController.swift; sourceTree = "<group>"; };
		673577F322F2856B00566180 /* MemoReadViewController.swift */ = {isa = PBXFileReference; lastKnownFileType = sourcecode.swift; path = MemoReadViewController.swift; sourceTree = "<group>"; };
		673577F722F2892A00566180 /* MemoVO.swift */ = {isa = PBXFileReference; lastKnownFileType = sourcecode.swift; path = MemoVO.swift; sourceTree = "<group>"; };
		673577F922F2B19D00566180 /* MemoTableViewCell.swift */ = {isa = PBXFileReference; lastKnownFileType = sourcecode.swift; path = MemoTableViewCell.swift; sourceTree = "<group>"; };
		673577FD22F2C5B200566180 /* sokcho.jpeg */ = {isa = PBXFileReference; lastKnownFileType = image.jpeg; path = sokcho.jpeg; sourceTree = "<group>"; };
		67A40F3322F3C69C0038F8AC /* MemoApp-Bridging-Header.h */ = {isa = PBXFileReference; lastKnownFileType = sourcecode.c.h; path = "MemoApp-Bridging-Header.h"; sourceTree = "<group>"; };
		67A40F3422F3C69D0038F8AC /* SWRevealViewController.h */ = {isa = PBXFileReference; fileEncoding = 4; lastKnownFileType = sourcecode.c.h; path = SWRevealViewController.h; sourceTree = "<group>"; };
		67A40F3522F3C69E0038F8AC /* SWRevealViewController.m */ = {isa = PBXFileReference; fileEncoding = 4; lastKnownFileType = sourcecode.c.objc; path = SWRevealViewController.m; sourceTree = "<group>"; };
		67A40F3722F3C8AB0038F8AC /* SideBarTableViewController.swift */ = {isa = PBXFileReference; lastKnownFileType = sourcecode.swift; path = SideBarTableViewController.swift; sourceTree = "<group>"; };
/* End PBXFileReference section */

/* Begin PBXFrameworksBuildPhase section */
		673577D722F2748000566180 /* Frameworks */ = {
			isa = PBXFrameworksBuildPhase;
			buildActionMask = 2147483647;
			files = (
			);
			runOnlyForDeploymentPostprocessing = 0;
		};
/* End PBXFrameworksBuildPhase section */

/* Begin PBXGroup section */
		673577D122F2748000566180 = {
			isa = PBXGroup;
			children = (
				673577DC22F2748000566180 /* MemoApp */,
				673577DB22F2748000566180 /* Products */,
			);
			sourceTree = "<group>";
		};
		673577DB22F2748000566180 /* Products */ = {
			isa = PBXGroup;
			children = (
				673577DA22F2748000566180 /* MemoApp.app */,
			);
			name = Products;
			sourceTree = "<group>";
		};
		673577DC22F2748000566180 /* MemoApp */ = {
			isa = PBXGroup;
			children = (
				673577FD22F2C5B200566180 /* sokcho.jpeg */,
				673577F122F27E3800566180 /* MemoFormViewController.swift */,
				673577EF22F276A400566180 /* MemoListViewController.swift */,
				673577DD22F2748000566180 /* AppDelegate.swift */,
				673577E122F2748000566180 /* Main.storyboard */,
				673577E422F2748900566180 /* Assets.xcassets */,
				673577E622F2748900566180 /* LaunchScreen.storyboard */,
				673577E922F2748900566180 /* Info.plist */,
				673577F322F2856B00566180 /* MemoReadViewController.swift */,
				673577F722F2892A00566180 /* MemoVO.swift */,
				673577F922F2B19D00566180 /* MemoTableViewCell.swift */,
				67A40F3422F3C69D0038F8AC /* SWRevealViewController.h */,
				67A40F3522F3C69E0038F8AC /* SWRevealViewController.m */,
				67A40F3322F3C69C0038F8AC /* MemoApp-Bridging-Header.h */,
				67A40F3722F3C8AB0038F8AC /* SideBarTableViewController.swift */,
			);
			path = MemoApp;
			sourceTree = "<group>";
		};
/* End PBXGroup section */

/* Begin PBXNativeTarget section */
		673577D922F2748000566180 /* MemoApp */ = {
			isa = PBXNativeTarget;
			buildConfigurationList = 673577EC22F2748900566180 /* Build configuration list for PBXNativeTarget "MemoApp" */;
			buildPhases = (
				673577D622F2748000566180 /* Sources */,
				673577D722F2748000566180 /* Frameworks */,
				673577D822F2748000566180 /* Resources */,
			);
			buildRules = (
			);
			dependencies = (
			);
			name = MemoApp;
			productName = MemoApp;
			productReference = 673577DA22F2748000566180 /* MemoApp.app */;
			productType = "com.apple.product-type.application";
		};
/* End PBXNativeTarget section */

/* Begin PBXProject section */
		673577D222F2748000566180 /* Project object */ = {
			isa = PBXProject;
			attributes = {
				LastSwiftUpdateCheck = 1030;
				LastUpgradeCheck = 1030;
				ORGANIZATIONNAME = JeongYeon;
				TargetAttributes = {
					673577D922F2748000566180 = {
						CreatedOnToolsVersion = 10.3;
						LastSwiftMigration = 1030;
					};
				};
			};
			buildConfigurationList = 673577D522F2748000566180 /* Build configuration list for PBXProject "MemoApp" */;
			compatibilityVersion = "Xcode 9.3";
			developmentRegion = en;
			hasScannedForEncodings = 0;
			knownRegions = (
				en,
				Base,
			);
			mainGroup = 673577D122F2748000566180;
			productRefGroup = 673577DB22F2748000566180 /* Products */;
			projectDirPath = "";
			projectRoot = "";
			targets = (
				673577D922F2748000566180 /* MemoApp */,
			);
		};
/* End PBXProject section */

/* Begin PBXResourcesBuildPhase section */
		673577D822F2748000566180 /* Resources */ = {
			isa = PBXResourcesBuildPhase;
			buildActionMask = 2147483647;
			files = (
				673577E822F2748900566180 /* LaunchScreen.storyboard in Resources */,
				673577E522F2748900566180 /* Assets.xcassets in Resources */,
				673577FE22F2C5B200566180 /* sokcho.jpeg in Resources */,
				673577E322F2748000566180 /* Main.storyboard in Resources */,
			);
			runOnlyForDeploymentPostprocessing = 0;
		};
/* End PBXResourcesBuildPhase section */

/* Begin PBXSourcesBuildPhase section */
		673577D622F2748000566180 /* Sources */ = {
			isa = PBXSourcesBuildPhase;
			buildActionMask = 2147483647;
			files = (
				67A40F3822F3C8AB0038F8AC /* SideBarTableViewController.swift in Sources */,
				67A40F3622F3C69E0038F8AC /* SWRevealViewController.m in Sources */,
				673577F822F2892A00566180 /* MemoVO.swift in Sources */,
				673577FA22F2B19D00566180 /* MemoTableViewCell.swift in Sources */,
				673577F422F2856B00566180 /* MemoReadViewController.swift in Sources */,
				673577F022F276A400566180 /* MemoListViewController.swift in Sources */,
				673577DE22F2748000566180 /* AppDelegate.swift in Sources */,
				673577F222F27E3800566180 /* MemoFormViewController.swift in Sources */,
			);
			runOnlyForDeploymentPostprocessing = 0;
		};
/* End PBXSourcesBuildPhase section */

/* Begin PBXVariantGroup section */
		673577E122F2748000566180 /* Main.storyboard */ = {
			isa = PBXVariantGroup;
			children = (
				673577E222F2748000566180 /* Base */,
			);
			name = Main.storyboard;
			sourceTree = "<group>";
		};
		673577E622F2748900566180 /* LaunchScreen.storyboard */ = {
			isa = PBXVariantGroup;
			children = (
				673577E722F2748900566180 /* Base */,
			);
			name = LaunchScreen.storyboard;
			sourceTree = "<group>";
		};
/* End PBXVariantGroup section */

/* Begin XCBuildConfiguration section */
		673577EA22F2748900566180 /* Debug */ = {
			isa = XCBuildConfiguration;
			buildSettings = {
				ALWAYS_SEARCH_USER_PATHS = NO;
				CLANG_ANALYZER_NONNULL = YES;
				CLANG_ANALYZER_NUMBER_OBJECT_CONVERSION = YES_AGGRESSIVE;
				CLANG_CXX_LANGUAGE_STANDARD = "gnu++14";
				CLANG_CXX_LIBRARY = "libc++";
				CLANG_ENABLE_MODULES = YES;
				CLANG_ENABLE_OBJC_ARC = YES;
				CLANG_ENABLE_OBJC_WEAK = YES;
				CLANG_WARN_BLOCK_CAPTURE_AUTORELEASING = YES;
				CLANG_WARN_BOOL_CONVERSION = YES;
				CLANG_WARN_COMMA = YES;
				CLANG_WARN_CONSTANT_CONVERSION = YES;
				CLANG_WARN_DEPRECATED_OBJC_IMPLEMENTATIONS = YES;
				CLANG_WARN_DIRECT_OBJC_ISA_USAGE = YES_ERROR;
				CLANG_WARN_DOCUMENTATION_COMMENTS = YES;
				CLANG_WARN_EMPTY_BODY = YES;
				CLANG_WARN_ENUM_CONVERSION = YES;
				CLANG_WARN_INFINITE_RECURSION = YES;
				CLANG_WARN_INT_CONVERSION = YES;
				CLANG_WARN_NON_LITERAL_NULL_CONVERSION = YES;
				CLANG_WARN_OBJC_IMPLICIT_RETAIN_SELF = YES;
				CLANG_WARN_OBJC_LITERAL_CONVERSION = YES;
				CLANG_WARN_OBJC_ROOT_CLASS = YES_ERROR;
				CLANG_WARN_RANGE_LOOP_ANALYSIS = YES;
				CLANG_WARN_STRICT_PROTOTYPES = YES;
				CLANG_WARN_SUSPICIOUS_MOVE = YES;
				CLANG_WARN_UNGUARDED_AVAILABILITY = YES_AGGRESSIVE;
				CLANG_WARN_UNREACHABLE_CODE = YES;
				CLANG_WARN__DUPLICATE_METHOD_MATCH = YES;
				CODE_SIGN_IDENTITY = "iPhone Developer";
				COPY_PHASE_STRIP = NO;
				DEBUG_INFORMATION_FORMAT = dwarf;
				ENABLE_STRICT_OBJC_MSGSEND = YES;
				ENABLE_TESTABILITY = YES;
				GCC_C_LANGUAGE_STANDARD = gnu11;
				GCC_DYNAMIC_NO_PIC = NO;
				GCC_NO_COMMON_BLOCKS = YES;
				GCC_OPTIMIZATION_LEVEL = 0;
				GCC_PREPROCESSOR_DEFINITIONS = (
					"DEBUG=1",
					"$(inherited)",
				);
				GCC_WARN_64_TO_32_BIT_CONVERSION = YES;
				GCC_WARN_ABOUT_RETURN_TYPE = YES_ERROR;
				GCC_WARN_UNDECLARED_SELECTOR = YES;
				GCC_WARN_UNINITIALIZED_AUTOS = YES_AGGRESSIVE;
				GCC_WARN_UNUSED_FUNCTION = YES;
				GCC_WARN_UNUSED_VARIABLE = YES;
				IPHONEOS_DEPLOYMENT_TARGET = 12.4;
				MTL_ENABLE_DEBUG_INFO = INCLUDE_SOURCE;
				MTL_FAST_MATH = YES;
				ONLY_ACTIVE_ARCH = YES;
				SDKROOT = iphoneos;
				SWIFT_ACTIVE_COMPILATION_CONDITIONS = DEBUG;
				SWIFT_OPTIMIZATION_LEVEL = "-Onone";
			};
			name = Debug;
		};
		673577EB22F2748900566180 /* Release */ = {
			isa = XCBuildConfiguration;
			buildSettings = {
				ALWAYS_SEARCH_USER_PATHS = NO;
				CLANG_ANALYZER_NONNULL = YES;
				CLANG_ANALYZER_NUMBER_OBJECT_CONVERSION = YES_AGGRESSIVE;
				CLANG_CXX_LANGUAGE_STANDARD = "gnu++14";
				CLANG_CXX_LIBRARY = "libc++";
				CLANG_ENABLE_MODULES = YES;
				CLANG_ENABLE_OBJC_ARC = YES;
				CLANG_ENABLE_OBJC_WEAK = YES;
				CLANG_WARN_BLOCK_CAPTURE_AUTORELEASING = YES;
				CLANG_WARN_BOOL_CONVERSION = YES;
				CLANG_WARN_COMMA = YES;
				CLANG_WARN_CONSTANT_CONVERSION = YES;
				CLANG_WARN_DEPRECATED_OBJC_IMPLEMENTATIONS = YES;
				CLANG_WARN_DIRECT_OBJC_ISA_USAGE = YES_ERROR;
				CLANG_WARN_DOCUMENTATION_COMMENTS = YES;
				CLANG_WARN_EMPTY_BODY = YES;
				CLANG_WARN_ENUM_CONVERSION = YES;
				CLANG_WARN_INFINITE_RECURSION = YES;
				CLANG_WARN_INT_CONVERSION = YES;
				CLANG_WARN_NON_LITERAL_NULL_CONVERSION = YES;
				CLANG_WARN_OBJC_IMPLICIT_RETAIN_SELF = YES;
				CLANG_WARN_OBJC_LITERAL_CONVERSION = YES;
				CLANG_WARN_OBJC_ROOT_CLASS = YES_ERROR;
				CLANG_WARN_RANGE_LOOP_ANALYSIS = YES;
				CLANG_WARN_STRICT_PROTOTYPES = YES;
				CLANG_WARN_SUSPICIOUS_MOVE = YES;
				CLANG_WARN_UNGUARDED_AVAILABILITY = YES_AGGRESSIVE;
				CLANG_WARN_UNREACHABLE_CODE = YES;
				CLANG_WARN__DUPLICATE_METHOD_MATCH = YES;
				CODE_SIGN_IDENTITY = "iPhone Developer";
				COPY_PHASE_STRIP = NO;
				DEBUG_INFORMATION_FORMAT = "dwarf-with-dsym";
				ENABLE_NS_ASSERTIONS = NO;
				ENABLE_STRICT_OBJC_MSGSEND = YES;
				GCC_C_LANGUAGE_STANDARD = gnu11;
				GCC_NO_COMMON_BLOCKS = YES;
				GCC_WARN_64_TO_32_BIT_CONVERSION = YES;
				GCC_WARN_ABOUT_RETURN_TYPE = YES_ERROR;
				GCC_WARN_UNDECLARED_SELECTOR = YES;
				GCC_WARN_UNINITIALIZED_AUTOS = YES_AGGRESSIVE;
				GCC_WARN_UNUSED_FUNCTION = YES;
				GCC_WARN_UNUSED_VARIABLE = YES;
				IPHONEOS_DEPLOYMENT_TARGET = 12.4;
				MTL_ENABLE_DEBUG_INFO = NO;
				MTL_FAST_MATH = YES;
				SDKROOT = iphoneos;
				SWIFT_COMPILATION_MODE = wholemodule;
				SWIFT_OPTIMIZATION_LEVEL = "-O";
				VALIDATE_PRODUCT = YES;
			};
			name = Release;
		};
		673577ED22F2748900566180 /* Debug */ = {
			isa = XCBuildConfiguration;
			buildSettings = {
				ASSETCATALOG_COMPILER_APPICON_NAME = AppIcon;
				CLANG_ENABLE_MODULES = YES;
				CODE_SIGN_STYLE = Automatic;
				INFOPLIST_FILE = MemoApp/Info.plist;
				LD_RUNPATH_SEARCH_PATHS = (
					"$(inherited)",
					"@executable_path/Frameworks",
				);
				PRODUCT_BUNDLE_IDENTIFIER = com.tjoen.MemoApp;
				PRODUCT_NAME = "$(TARGET_NAME)";
				SWIFT_OBJC_BRIDGING_HEADER = "MemoApp/MemoApp-Bridging-Header.h";
				SWIFT_OPTIMIZATION_LEVEL = "-Onone";
				SWIFT_VERSION = 5.0;
				TARGETED_DEVICE_FAMILY = "1,2";
			};
			name = Debug;
		};
		673577EE22F2748900566180 /* Release */ = {
			isa = XCBuildConfiguration;
			buildSettings = {
				ASSETCATALOG_COMPILER_APPICON_NAME = AppIcon;
				CLANG_ENABLE_MODULES = YES;
				CODE_SIGN_STYLE = Automatic;
				INFOPLIST_FILE = MemoApp/Info.plist;
				LD_RUNPATH_SEARCH_PATHS = (
					"$(inherited)",
					"@executable_path/Frameworks",
				);
				PRODUCT_BUNDLE_IDENTIFIER = com.tjoen.MemoApp;
				PRODUCT_NAME = "$(TARGET_NAME)";
				SWIFT_OBJC_BRIDGING_HEADER = "MemoApp/MemoApp-Bridging-Header.h";
				SWIFT_VERSION = 5.0;
				TARGETED_DEVICE_FAMILY = "1,2";
			};
			name = Release;
		};
/* End XCBuildConfiguration section */

/* Begin XCConfigurationList section */
		673577D522F2748000566180 /* Build configuration list for PBXProject "MemoApp" */ = {
			isa = XCConfigurationList;
			buildConfigurations = (
				673577EA22F2748900566180 /* Debug */,
				673577EB22F2748900566180 /* Release */,
			);
			defaultConfigurationIsVisible = 0;
			defaultConfigurationName = Release;
		};
		673577EC22F2748900566180 /* Build configuration list for PBXNativeTarget "MemoApp" */ = {
			isa = XCConfigurationList;
			buildConfigurations = (
				673577ED22F2748900566180 /* Debug */,
				673577EE22F2748900566180 /* Release */,
			);
			defaultConfigurationIsVisible = 0;
			defaultConfigurationName = Release;
		};
/* End XCConfigurationList section */
	};
	rootObject = 673577D222F2748000566180 /* Project object */;
}
